
Microsoft Visual Studio Solution File, Format Version 12.00
# Visual Studio 15
VisualStudioVersion = 15.0.27130.2027
MinimumVisualStudioVersion = 10.0.40219.1
Project("{FAE04EC0-301F-11D3-BF4B-00C04F79EFBC}") = "Practica2", "Practica2\Practica2.csproj", "{03CDD972-F58B-4076-BB8E-527765CF29E1}"
EndProject
Global
	GlobalSection(SolutionConfigurationPlatforms) = preSolution
		Debug|Any CPU = Debug|Any CPU
		Release|Any CPU = Release|Any CPU
	EndGlobalSection
	GlobalSection(ProjectConfigurationPlatforms) = postSolution
		{03CDD972-F58B-4076-BB8E-527765CF29E1}.Debug|Any CPU.ActiveCfg = Debug|Any CPU
		{03CDD972-F58B-4076-BB8E-527765CF29E1}.Debug|Any CPU.Build.0 = Debug|Any CPU
		{03CDD972-F58B-4076-BB8E-527765CF29E1}.Release|Any CPU.ActiveCfg = Release|Any CPU
		{03CDD972-F58B-4076-BB8E-527765CF29E1}.Release|Any CPU.Build.0 = Release|Any CPU
	EndGlobalSection
	GlobalSection(SolutionProperties) = preSolution
		HideSolutionNode = FALSE
	EndGlobalSection
	GlobalSection(ExtensibilityGlobals) = postSolution
		SolutionGuid = {96208C7A-F5D7-4997-B2F9-1ACB602923A1}
	EndGlobalSection
EndGlobal
